{
    "_readme": [
        "This file locks the dependencies of your project to a known state",
        "Read more about it at https://getcomposer.org/doc/01-basic-usage.md#installing-dependencies",
        "This file is @generated automatically"
    ],
    "content-hash": "b4e9fff3d1e659a4d752160f2f4038a8",
    "packages": [
        {
            "name": "doctrine/inflector",
            "version": "2.0.3",
            "source": {
                "type": "git",
                "url": "https://github.com/doctrine/inflector.git",
                "reference": "9cf661f4eb38f7c881cac67c75ea9b00bf97b210"
            },
            "dist": {
                "type": "zip",
                "url": "https://api.github.com/repos/doctrine/inflector/zipball/9cf661f4eb38f7c881cac67c75ea9b00bf97b210",
                "reference": "9cf661f4eb38f7c881cac67c75ea9b00bf97b210",
                "shasum": ""
            },
            "require": {
                "php": "^7.2 || ^8.0"
            },
            "require-dev": {
                "doctrine/coding-standard": "^7.0",
                "phpstan/phpstan": "^0.11",
                "phpstan/phpstan-phpunit": "^0.11",
                "phpstan/phpstan-strict-rules": "^0.11",
                "phpunit/phpunit": "^7.0 || ^8.0 || ^9.0"
            },
            "type": "library",
            "extra": {
                "branch-alias": {
                    "dev-master": "2.0.x-dev"
                }
            },
            "autoload": {
                "psr-4": {
                    "Doctrine\\Inflector\\": "lib/Doctrine/Inflector"
                }
            },
            "notification-url": "https://packagist.org/downloads/",
            "license": [
                "MIT"
            ],
            "authors": [
                {
                    "name": "Guilherme Blanco",
                    "email": "guilhermeblanco@gmail.com"
                },
                {
                    "name": "Roman Borschel",
                    "email": "roman@code-factory.org"
                },
                {
                    "name": "Benjamin Eberlei",
                    "email": "kontakt@beberlei.de"
                },
                {
                    "name": "Jonathan Wage",
                    "email": "jonwage@gmail.com"
                },
                {
                    "name": "Johannes Schmitt",
                    "email": "schmittjoh@gmail.com"
                }
            ],
            "description": "PHP Doctrine Inflector is a small library that can perform string manipulations with regard to upper/lowercase and singular/plural forms of words.",
            "homepage": "https://www.doctrine-project.org/projects/inflector.html",
            "keywords": [
                "inflection",
                "inflector",
                "lowercase",
                "manipulation",
                "php",
                "plural",
                "singular",
                "strings",
                "uppercase",
                "words"
            ],
            "time": "2020-05-29T15:13:26+00:00"
        },
        {
            "name": "illuminate/contracts",
            "version": "v7.18.0",
            "source": {
                "type": "git",
                "url": "https://github.com/illuminate/contracts.git",
                "reference": "42792e136e3a77312fb89df29373d6221a1f794e"
            },
            "dist": {
                "type": "zip",
                "url": "https://api.github.com/repos/illuminate/contracts/zipball/42792e136e3a77312fb89df29373d6221a1f794e",
                "reference": "42792e136e3a77312fb89df29373d6221a1f794e",
                "shasum": ""
            },
            "require": {
                "php": "^7.2.5",
                "psr/container": "^1.0",
                "psr/simple-cache": "^1.0"
            },
            "type": "library",
            "extra": {
                "branch-alias": {
                    "dev-master": "7.x-dev"
                }
            },
            "autoload": {
                "psr-4": {
                    "Illuminate\\Contracts\\": ""
                }
            },
            "notification-url": "https://packagist.org/downloads/",
            "license": [
                "MIT"
            ],
            "authors": [
                {
                    "name": "Taylor Otwell",
                    "email": "taylor@laravel.com"
                }
            ],
            "description": "The Illuminate Contracts package.",
            "homepage": "https://laravel.com",
            "time": "2020-05-13T20:55:30+00:00"
        },
        {
            "name": "illuminate/support",
            "version": "v7.18.0",
            "source": {
                "type": "git",
                "url": "https://github.com/illuminate/support.git",
                "reference": "688f0608687babff00e2b81c170852aaf1e9fc8a"
            },
            "dist": {
                "type": "zip",
                "url": "https://api.github.com/repos/illuminate/support/zipball/688f0608687babff00e2b81c170852aaf1e9fc8a",
                "reference": "688f0608687babff00e2b81c170852aaf1e9fc8a",
                "shasum": ""
            },
            "require": {
                "doctrine/inflector": "^1.4|^2.0",
                "ext-json": "*",
                "ext-mbstring": "*",
                "illuminate/contracts": "^7.0",
                "nesbot/carbon": "^2.17",
                "php": "^7.2.5",
                "voku/portable-ascii": "^1.4.8"
            },
            "conflict": {
                "tightenco/collect": "<5.5.33"
            },
            "suggest": {
                "illuminate/filesystem": "Required to use the composer class (^7.0).",
                "moontoast/math": "Required to use ordered UUIDs (^1.1).",
                "ramsey/uuid": "Required to use Str::uuid() (^3.7|^4.0).",
                "symfony/process": "Required to use the composer class (^5.0).",
                "symfony/var-dumper": "Required to use the dd function (^5.0).",
                "vlucas/phpdotenv": "Required to use the Env class and env helper (^4.0)."
            },
            "type": "library",
            "extra": {
                "branch-alias": {
                    "dev-master": "7.x-dev"
                }
            },
            "autoload": {
                "psr-4": {
                    "Illuminate\\Support\\": ""
                },
                "files": [
                    "helpers.php"
                ]
            },
            "notification-url": "https://packagist.org/downloads/",
            "license": [
                "MIT"
            ],
            "authors": [
                {
                    "name": "Taylor Otwell",
                    "email": "taylor@laravel.com"
                }
            ],
            "description": "The Illuminate Support package.",
            "homepage": "https://laravel.com",
            "time": "2020-06-25T13:51:17+00:00"
        },
        {
            "name": "nesbot/carbon",
            "version": "2.36.0",
            "source": {
                "type": "git",
                "url": "https://github.com/briannesbitt/Carbon.git",
                "reference": "d0b65958d9942fd1b501fdb0800c67e8323aa08d"
            },
            "dist": {
                "type": "zip",
                "url": "https://api.github.com/repos/briannesbitt/Carbon/zipball/d0b65958d9942fd1b501fdb0800c67e8323aa08d",
                "reference": "d0b65958d9942fd1b501fdb0800c67e8323aa08d",
                "shasum": ""
            },
            "require": {
                "ext-json": "*",
                "php": "^7.1.8 || ^8.0",
                "symfony/polyfill-mbstring": "^1.0",
                "symfony/translation": "^3.4 || ^4.0 || ^5.0"
            },
            "require-dev": {
                "doctrine/orm": "^2.7",
                "friendsofphp/php-cs-fixer": "^2.14 || ^3.0",
                "kylekatarnls/multi-tester": "^2.0",
                "phpmd/phpmd": "^2.8",
                "phpstan/extension-installer": "^1.0",
                "phpstan/phpstan": "^0.12.30",
                "phpunit/phpunit": "^7.5 || ^8.0",
                "squizlabs/php_codesniffer": "^3.4"
            },
            "bin": [
                "bin/carbon"
            ],
            "type": "library",
            "extra": {
                "branch-alias": {
                    "dev-master": "2.x-dev",
                    "dev-3.x": "3.x-dev"
                },
                "laravel": {
                    "providers": [
                        "Carbon\\Laravel\\ServiceProvider"
                    ]
                },
                "phpstan": {
                    "includes": [
                        "extension.neon"
                    ]
                }
            },
            "autoload": {
                "psr-4": {
                    "Carbon\\": "src/Carbon/"
                }
            },
            "notification-url": "https://packagist.org/downloads/",
            "license": [
                "MIT"
            ],
            "authors": [
                {
                    "name": "Brian Nesbitt",
                    "email": "brian@nesbot.com",
                    "homepage": "http://nesbot.com"
                },
                {
                    "name": "kylekatarnls",
                    "homepage": "http://github.com/kylekatarnls"
                }
            ],
            "description": "An API extension for DateTime that supports 281 different languages.",
            "homepage": "http://carbon.nesbot.com",
            "keywords": [
                "date",
                "datetime",
                "time"
            ],
            "time": "2020-06-25T20:20:01+00:00"
        },
        {
            "name": "psr/container",
            "version": "1.0.0",
            "source": {
                "type": "git",
                "url": "https://github.com/php-fig/container.git",
                "reference": "b7ce3b176482dbbc1245ebf52b181af44c2cf55f"
            },
            "dist": {
                "type": "zip",
                "url": "https://api.github.com/repos/php-fig/container/zipball/b7ce3b176482dbbc1245ebf52b181af44c2cf55f",
                "reference": "b7ce3b176482dbbc1245ebf52b181af44c2cf55f",
                "shasum": ""
            },
            "require": {
                "php": ">=5.3.0"
            },
            "type": "library",
            "extra": {
                "branch-alias": {
                    "dev-master": "1.0.x-dev"
                }
            },
            "autoload": {
                "psr-4": {
                    "Psr\\Container\\": "src/"
                }
            },
            "notification-url": "https://packagist.org/downloads/",
            "license": [
                "MIT"
            ],
            "authors": [
                {
                    "name": "PHP-FIG",
                    "homepage": "http://www.php-fig.org/"
                }
            ],
            "description": "Common Container Interface (PHP FIG PSR-11)",
            "homepage": "https://github.com/php-fig/container",
            "keywords": [
                "PSR-11",
                "container",
                "container-interface",
                "container-interop",
                "psr"
            ],
            "time": "2017-02-14T16:28:37+00:00"
        },
        {
            "name": "psr/simple-cache",
            "version": "1.0.1",
            "source": {
                "type": "git",
                "url": "https://github.com/php-fig/simple-cache.git",
                "reference": "408d5eafb83c57f6365a3ca330ff23aa4a5fa39b"
            },
            "dist": {
                "type": "zip",
                "url": "https://api.github.com/repos/php-fig/simple-cache/zipball/408d5eafb83c57f6365a3ca330ff23aa4a5fa39b",
                "reference": "408d5eafb83c57f6365a3ca330ff23aa4a5fa39b",
                "shasum": ""
            },
            "require": {
                "php": ">=5.3.0"
            },
            "type": "library",
            "extra": {
                "branch-alias": {
                    "dev-master": "1.0.x-dev"
                }
            },
            "autoload": {
                "psr-4": {
                    "Psr\\SimpleCache\\": "src/"
                }
            },
            "notification-url": "https://packagist.org/downloads/",
            "license": [
                "MIT"
            ],
            "authors": [
                {
                    "name": "PHP-FIG",
                    "homepage": "http://www.php-fig.org/"
                }
            ],
            "description": "Common interfaces for simple caching",
            "keywords": [
                "cache",
                "caching",
                "psr",
                "psr-16",
                "simple-cache"
            ],
            "time": "2017-10-23T01:57:42+00:00"
        },
        {
            "name": "rebing/graphql-laravel",
            "version": "5.1.2",
            "source": {
                "type": "git",
                "url": "https://github.com/rebing/graphql-laravel.git",
                "reference": "255047c6905351176955cc6e119d2cf75c9303ac"
            },
            "dist": {
                "type": "zip",
                "url": "https://api.github.com/repos/rebing/graphql-laravel/zipball/255047c6905351176955cc6e119d2cf75c9303ac",
                "reference": "255047c6905351176955cc6e119d2cf75c9303ac",
                "shasum": ""
            },
            "require": {
                "ext-json": "*",
                "illuminate/contracts": "5.5.*|5.6.*|5.7.*|5.8.*|^6.0|^7.0",
                "illuminate/support": "5.5.*|5.6.*|5.7.*|5.8.*|^6.0|^7.0",
                "php": ">= 7.1",
                "webonyx/graphql-php": "^0.13"
            },
            "require-dev": {
                "friendsofphp/php-cs-fixer": "^2.15",
                "matt-allan/laravel-code-style": "0.5.0",
                "mockery/mockery": "^1.2",
                "nunomaduro/larastan": "0.5.0",
                "orchestra/testbench": "3.5.*|3.6.*|3.7.*|3.8.*|3.9.*|4.0.*|5.0.*",
                "phpstan/phpstan": "0.12.8",
                "phpunit/phpunit": "^5.5|~6.0|~7.0|~8.0"
            },
            "type": "project",
            "extra": {
                "laravel": {
                    "providers": [
                        "Rebing\\GraphQL\\GraphQLServiceProvider"
                    ],
                    "aliases": {
                        "GraphQL": "Rebing\\GraphQL\\Support\\Facades\\GraphQL"
                    }
                }
            },
            "autoload": {
                "psr-4": {
                    "Rebing\\GraphQL\\": "src/"
                }
            },
            "notification-url": "https://packagist.org/downloads/",
            "license": [
                "MIT"
            ],
            "authors": [
                {
                    "name": "Rebing OÜ",
                    "homepage": "http://www.rebing.ee",
                    "role": "Company"
                },
                {
                    "name": "Mikk Mihkel Nurges",
                    "email": "mikk.nurges@rebing.ee",
                    "role": "Developer"
                },
                {
                    "name": "Folklore",
                    "email": "info@atelierfolklore.ca",
                    "homepage": "http://atelierfolklore.ca"
                },
                {
                    "name": "David Mongeau-Petitpas",
                    "email": "dmp@atelierfolklore.ca",
                    "homepage": "http://mongo.ca",
                    "role": "Developer"
                },
                {
                    "name": "Markus Fischer",
                    "email": "markus@fischer.name",
                    "role": "Developer"
                }
            ],
            "description": "Laravel wrapper for PHP GraphQL",
            "keywords": [
                "framework",
                "graphql",
                "laravel",
                "react"
            ],
            "time": "2020-07-02T16:02:34+00:00"
        },
        {
            "name": "symfony/polyfill-mbstring",
            "version": "v1.17.1",
            "source": {
                "type": "git",
                "url": "https://github.com/symfony/polyfill-mbstring.git",
                "reference": "7110338d81ce1cbc3e273136e4574663627037a7"
            },
            "dist": {
                "type": "zip",
                "url": "https://api.github.com/repos/symfony/polyfill-mbstring/zipball/7110338d81ce1cbc3e273136e4574663627037a7",
                "reference": "7110338d81ce1cbc3e273136e4574663627037a7",
                "shasum": ""
            },
            "require": {
                "php": ">=5.3.3"
            },
            "suggest": {
                "ext-mbstring": "For best performance"
            },
            "type": "library",
            "extra": {
                "branch-alias": {
                    "dev-master": "1.17-dev"
                },
                "thanks": {
                    "name": "symfony/polyfill",
                    "url": "https://github.com/symfony/polyfill"
                }
            },
            "autoload": {
                "psr-4": {
                    "Symfony\\Polyfill\\Mbstring\\": ""
                },
                "files": [
                    "bootstrap.php"
                ]
            },
            "notification-url": "https://packagist.org/downloads/",
            "license": [
                "MIT"
            ],
            "authors": [
                {
                    "name": "Nicolas Grekas",
                    "email": "p@tchwork.com"
                },
                {
                    "name": "Symfony Community",
                    "homepage": "https://symfony.com/contributors"
                }
            ],
            "description": "Symfony polyfill for the Mbstring extension",
            "homepage": "https://symfony.com",
            "keywords": [
                "compatibility",
                "mbstring",
                "polyfill",
                "portable",
                "shim"
            ],
            "time": "2020-06-06T08:46:27+00:00"
        },
        {
            "name": "symfony/polyfill-php80",
            "version": "v1.17.1",
            "source": {
                "type": "git",
                "url": "https://github.com/symfony/polyfill-php80.git",
                "reference": "4a5b6bba3259902e386eb80dd1956181ee90b5b2"
            },
            "dist": {
                "type": "zip",
                "url": "https://api.github.com/repos/symfony/polyfill-php80/zipball/4a5b6bba3259902e386eb80dd1956181ee90b5b2",
                "reference": "4a5b6bba3259902e386eb80dd1956181ee90b5b2",
                "shasum": ""
            },
            "require": {
                "php": ">=7.0.8"
            },
            "type": "library",
            "extra": {
                "branch-alias": {
                    "dev-master": "1.17-dev"
                },
                "thanks": {
                    "name": "symfony/polyfill",
                    "url": "https://github.com/symfony/polyfill"
                }
            },
            "autoload": {
                "psr-4": {
                    "Symfony\\Polyfill\\Php80\\": ""
                },
                "files": [
                    "bootstrap.php"
                ],
                "classmap": [
                    "Resources/stubs"
                ]
            },
            "notification-url": "https://packagist.org/downloads/",
            "license": [
                "MIT"
            ],
            "authors": [
                {
                    "name": "Ion Bazan",
                    "email": "ion.bazan@gmail.com"
                },
                {
                    "name": "Nicolas Grekas",
                    "email": "p@tchwork.com"
                },
                {
                    "name": "Symfony Community",
                    "homepage": "https://symfony.com/contributors"
                }
            ],
            "description": "Symfony polyfill backporting some PHP 8.0+ features to lower PHP versions",
            "homepage": "https://symfony.com",
            "keywords": [
                "compatibility",
                "polyfill",
                "portable",
                "shim"
            ],
            "time": "2020-06-06T08:46:27+00:00"
        },
        {
            "name": "symfony/translation",
            "version": "v5.1.2",
            "source": {
                "type": "git",
                "url": "https://github.com/symfony/translation.git",
                "reference": "d387f07d4c15f9c09439cf3f13ddbe0b2c5e8be2"
            },
            "dist": {
                "type": "zip",
                "url": "https://api.github.com/repos/symfony/translation/zipball/d387f07d4c15f9c09439cf3f13ddbe0b2c5e8be2",
                "reference": "d387f07d4c15f9c09439cf3f13ddbe0b2c5e8be2",
                "shasum": ""
            },
            "require": {
                "php": ">=7.2.5",
                "symfony/polyfill-mbstring": "~1.0",
                "symfony/polyfill-php80": "^1.15",
                "symfony/translation-contracts": "^2"
            },
            "conflict": {
                "symfony/config": "<4.4",
                "symfony/dependency-injection": "<5.0",
                "symfony/http-kernel": "<5.0",
                "symfony/twig-bundle": "<5.0",
                "symfony/yaml": "<4.4"
            },
            "provide": {
                "symfony/translation-implementation": "2.0"
            },
            "require-dev": {
                "psr/log": "~1.0",
                "symfony/config": "^4.4|^5.0",
                "symfony/console": "^4.4|^5.0",
                "symfony/dependency-injection": "^5.0",
                "symfony/finder": "^4.4|^5.0",
                "symfony/http-kernel": "^5.0",
                "symfony/intl": "^4.4|^5.0",
                "symfony/service-contracts": "^1.1.2|^2",
                "symfony/yaml": "^4.4|^5.0"
            },
            "suggest": {
                "psr/log-implementation": "To use logging capability in translator",
                "symfony/config": "",
                "symfony/yaml": ""
            },
            "type": "library",
            "extra": {
                "branch-alias": {
                    "dev-master": "5.1-dev"
                }
            },
            "autoload": {
                "psr-4": {
                    "Symfony\\Component\\Translation\\": ""
                },
                "exclude-from-classmap": [
                    "/Tests/"
                ]
            },
            "notification-url": "https://packagist.org/downloads/",
            "license": [
                "MIT"
            ],
            "authors": [
                {
                    "name": "Fabien Potencier",
                    "email": "fabien@symfony.com"
                },
                {
                    "name": "Symfony Community",
                    "homepage": "https://symfony.com/contributors"
                }
            ],
            "description": "Symfony Translation Component",
            "homepage": "https://symfony.com",
            "time": "2020-05-30T20:35:19+00:00"
        },
        {
            "name": "symfony/translation-contracts",
            "version": "v2.1.2",
            "source": {
                "type": "git",
                "url": "https://github.com/symfony/translation-contracts.git",
                "reference": "e5ca07c8f817f865f618aa072c2fe8e0e637340e"
            },
            "dist": {
                "type": "zip",
                "url": "https://api.github.com/repos/symfony/translation-contracts/zipball/e5ca07c8f817f865f618aa072c2fe8e0e637340e",
                "reference": "e5ca07c8f817f865f618aa072c2fe8e0e637340e",
                "shasum": ""
            },
            "require": {
                "php": ">=7.2.5"
            },
            "suggest": {
                "symfony/translation-implementation": ""
            },
            "type": "library",
            "extra": {
                "branch-alias": {
                    "dev-master": "2.1-dev"
                }
            },
            "autoload": {
                "psr-4": {
                    "Symfony\\Contracts\\Translation\\": ""
                }
            },
            "notification-url": "https://packagist.org/downloads/",
            "license": [
                "MIT"
            ],
            "authors": [
                {
                    "name": "Nicolas Grekas",
                    "email": "p@tchwork.com"
                },
                {
                    "name": "Symfony Community",
                    "homepage": "https://symfony.com/contributors"
                }
            ],
            "description": "Generic abstractions related to translation",
            "homepage": "https://symfony.com",
            "keywords": [
                "abstractions",
                "contracts",
                "decoupling",
                "interfaces",
                "interoperability",
                "standards"
            ],
            "time": "2020-05-20T17:43:50+00:00"
        },
        {
            "name": "voku/portable-ascii",
            "version": "1.5.2",
            "source": {
                "type": "git",
                "url": "https://github.com/voku/portable-ascii.git",
                "reference": "618631dc601d8eb6ea0a9fbf654ec82f066c4e97"
            },
            "dist": {
                "type": "zip",
                "url": "https://api.github.com/repos/voku/portable-ascii/zipball/618631dc601d8eb6ea0a9fbf654ec82f066c4e97",
                "reference": "618631dc601d8eb6ea0a9fbf654ec82f066c4e97",
                "shasum": ""
            },
            "require": {
                "php": ">=7.0.0"
            },
            "require-dev": {
                "phpunit/phpunit": "~6.0 || ~7.0"
            },
            "suggest": {
                "ext-intl": "Use Intl for transliterator_transliterate() support"
            },
            "type": "library",
            "autoload": {
                "psr-4": {
                    "voku\\": "src/voku/"
                }
            },
            "notification-url": "https://packagist.org/downloads/",
            "license": [
                "MIT"
            ],
            "authors": [
                {
                    "name": "Lars Moelleken",
                    "homepage": "http://www.moelleken.org/"
                }
            ],
            "description": "Portable ASCII library - performance optimized (ascii) string functions for php.",
            "homepage": "https://github.com/voku/portable-ascii",
            "keywords": [
                "ascii",
                "clean",
                "php"
            ],
            "time": "2020-06-15T23:49:30+00:00"
        },
        {
            "name": "webonyx/graphql-php",
            "version": "v0.13.9",
            "source": {
                "type": "git",
                "url": "https://github.com/webonyx/graphql-php.git",
                "reference": "d9a94fddcad0a35d4bced212b8a44ad1bc59bdf3"
            },
            "dist": {
                "type": "zip",
                "url": "https://api.github.com/repos/webonyx/graphql-php/zipball/d9a94fddcad0a35d4bced212b8a44ad1bc59bdf3",
                "reference": "d9a94fddcad0a35d4bced212b8a44ad1bc59bdf3",
                "shasum": ""
            },
            "require": {
                "ext-json": "*",
                "ext-mbstring": "*",
                "php": "^7.1||^8.0"
            },
            "require-dev": {
                "doctrine/coding-standard": "^6.0",
                "phpbench/phpbench": "^0.14.0",
                "phpstan/phpstan": "^0.11.4",
                "phpstan/phpstan-phpunit": "^0.11.0",
                "phpstan/phpstan-strict-rules": "^0.11.0",
                "phpunit/phpcov": "^5.0",
                "phpunit/phpunit": "^7.2",
                "psr/http-message": "^1.0",
                "react/promise": "2.*"
            },
            "suggest": {
                "psr/http-message": "To use standard GraphQL server",
                "react/promise": "To leverage async resolving on React PHP platform"
            },
            "type": "library",
            "autoload": {
                "psr-4": {
                    "GraphQL\\": "src/"
                }
            },
            "notification-url": "https://packagist.org/downloads/",
            "license": [
                "MIT"
            ],
            "description": "A PHP port of GraphQL reference implementation",
            "homepage": "https://github.com/webonyx/graphql-php",
            "keywords": [
                "api",
                "graphql"
            ],
            "time": "2020-07-02T05:49:25+00:00"
        }
    ],
    "packages-dev": [],
    "aliases": [],
    "minimum-stability": "dev",
    "stability-flags": [],
    "prefer-stable": true,
    "prefer-lowest": false,
    "platform": [],
    "platform-dev": []
}
